// !$*UTF8*$!
{
	archiveVersion = 1;
	classes = {
	};
	objectVersion = 55;
	objects = {

/* Begin PBXBuildFile section */
		A23B20B32830F23D00B7CDEF /* AnotherMovie.swift in Sources */ = {isa = PBXBuildFile; fileRef = A23B20B22830F23D00B7CDEF /* AnotherMovie.swift */; };
		A23B20B92831127A00B7CDEF /* Response.swift in Sources */ = {isa = PBXBuildFile; fileRef = A23B20B82831127A00B7CDEF /* Response.swift */; };
		A248FC2C282E19B300802DFA /* AppDelegate.swift in Sources */ = {isa = PBXBuildFile; fileRef = A248FC2B282E19B300802DFA /* AppDelegate.swift */; };
		A248FC2E282E19B300802DFA /* SceneDelegate.swift in Sources */ = {isa = PBXBuildFile; fileRef = A248FC2D282E19B300802DFA /* SceneDelegate.swift */; };
		A248FC30282E19B300802DFA /* MainTabBarViewController.swift in Sources */ = {isa = PBXBuildFile; fileRef = A248FC2F282E19B300802DFA /* MainTabBarViewController.swift */; };
		A248FC35282E19B600802DFA /* Assets.xcassets in Resources */ = {isa = PBXBuildFile; fileRef = A248FC34282E19B600802DFA /* Assets.xcassets */; };
		A248FC38282E19B600802DFA /* LaunchScreen.storyboard in Resources */ = {isa = PBXBuildFile; fileRef = A248FC36282E19B600802DFA /* LaunchScreen.storyboard */; };
		A248FC47282E1F3700802DFA /* HomeViewController.swift in Sources */ = {isa = PBXBuildFile; fileRef = A248FC46282E1F3700802DFA /* HomeViewController.swift */; };
		A248FC49282E1F6900802DFA /* UpcomingViewController.swift in Sources */ = {isa = PBXBuildFile; fileRef = A248FC48282E1F6900802DFA /* UpcomingViewController.swift */; };
		A248FC4B282E1F8500802DFA /* SearchViewController.swift in Sources */ = {isa = PBXBuildFile; fileRef = A248FC4A282E1F8500802DFA /* SearchViewController.swift */; };
		A248FC4D282E1F9E00802DFA /* DownloadsViewController.swift in Sources */ = {isa = PBXBuildFile; fileRef = A248FC4C282E1F9E00802DFA /* DownloadsViewController.swift */; };
		A248FC52282E28E700802DFA /* CollectionViewTableViewCell.swift in Sources */ = {isa = PBXBuildFile; fileRef = A248FC51282E28E700802DFA /* CollectionViewTableViewCell.swift */; };
		A248FC54282E3ED700802DFA /* HeroHeaderView.swift in Sources */ = {isa = PBXBuildFile; fileRef = A248FC53282E3ED700802DFA /* HeroHeaderView.swift */; };
		A2924D1F28300E550039BF28 /* NetworkManager.swift in Sources */ = {isa = PBXBuildFile; fileRef = A2924D1E28300E550039BF28 /* NetworkManager.swift */; };
		A2924D21283027AB0039BF28 /* Movie.swift in Sources */ = {isa = PBXBuildFile; fileRef = A2924D20283027AB0039BF28 /* Movie.swift */; };
		A2924D2428302F130039BF28 /* String + extension.swift in Sources */ = {isa = PBXBuildFile; fileRef = A2924D2328302F130039BF28 /* String + extension.swift */; };
		A2924D26283032650039BF28 /* TVShow.swift in Sources */ = {isa = PBXBuildFile; fileRef = A2924D25283032650039BF28 /* TVShow.swift */; };
		A2B3B7562831218C001029C2 /* TitleCollectionViewCell.swift in Sources */ = {isa = PBXBuildFile; fileRef = A2B3B7552831218C001029C2 /* TitleCollectionViewCell.swift */; };
		A2B3B75F2831248F001029C2 /* SDWebImage in Frameworks */ = {isa = PBXBuildFile; productRef = A2B3B75E2831248F001029C2 /* SDWebImage */; };
		A2B3B7612831248F001029C2 /* SDWebImageMapKit in Frameworks */ = {isa = PBXBuildFile; productRef = A2B3B7602831248F001029C2 /* SDWebImageMapKit */; };
/* End PBXBuildFile section */

/* Begin PBXFileReference section */
		A23B20B22830F23D00B7CDEF /* AnotherMovie.swift */ = {isa = PBXFileReference; lastKnownFileType = sourcecode.swift; path = AnotherMovie.swift; sourceTree = "<group>"; };
		A23B20B82831127A00B7CDEF /* Response.swift */ = {isa = PBXFileReference; lastKnownFileType = sourcecode.swift; path = Response.swift; sourceTree = "<group>"; };
		A248FC28282E19B300802DFA /* MoviesApp.app */ = {isa = PBXFileReference; explicitFileType = wrapper.application; includeInIndex = 0; path = MoviesApp.app; sourceTree = BUILT_PRODUCTS_DIR; };
		A248FC2B282E19B300802DFA /* AppDelegate.swift */ = {isa = PBXFileReference; lastKnownFileType = sourcecode.swift; path = AppDelegate.swift; sourceTree = "<group>"; };
		A248FC2D282E19B300802DFA /* SceneDelegate.swift */ = {isa = PBXFileReference; lastKnownFileType = sourcecode.swift; path = SceneDelegate.swift; sourceTree = "<group>"; };
		A248FC2F282E19B300802DFA /* MainTabBarViewController.swift */ = {isa = PBXFileReference; lastKnownFileType = sourcecode.swift; path = MainTabBarViewController.swift; sourceTree = "<group>"; };
		A248FC34282E19B600802DFA /* Assets.xcassets */ = {isa = PBXFileReference; lastKnownFileType = folder.assetcatalog; path = Assets.xcassets; sourceTree = "<group>"; };
		A248FC37282E19B600802DFA /* Base */ = {isa = PBXFileReference; lastKnownFileType = file.storyboard; name = Base; path = Base.lproj/LaunchScreen.storyboard; sourceTree = "<group>"; };
		A248FC39282E19B600802DFA /* Info.plist */ = {isa = PBXFileReference; lastKnownFileType = text.plist.xml; path = Info.plist; sourceTree = "<group>"; };
		A248FC46282E1F3700802DFA /* HomeViewController.swift */ = {isa = PBXFileReference; lastKnownFileType = sourcecode.swift; path = HomeViewController.swift; sourceTree = "<group>"; };
		A248FC48282E1F6900802DFA /* UpcomingViewController.swift */ = {isa = PBXFileReference; lastKnownFileType = sourcecode.swift; path = UpcomingViewController.swift; sourceTree = "<group>"; };
		A248FC4A282E1F8500802DFA /* SearchViewController.swift */ = {isa = PBXFileReference; lastKnownFileType = sourcecode.swift; path = SearchViewController.swift; sourceTree = "<group>"; };
		A248FC4C282E1F9E00802DFA /* DownloadsViewController.swift */ = {isa = PBXFileReference; lastKnownFileType = sourcecode.swift; path = DownloadsViewController.swift; sourceTree = "<group>"; };
		A248FC51282E28E700802DFA /* CollectionViewTableViewCell.swift */ = {isa = PBXFileReference; lastKnownFileType = sourcecode.swift; path = CollectionViewTableViewCell.swift; sourceTree = "<group>"; };
		A248FC53282E3ED700802DFA /* HeroHeaderView.swift */ = {isa = PBXFileReference; lastKnownFileType = sourcecode.swift; path = HeroHeaderView.swift; sourceTree = "<group>"; };
		A2924D1E28300E550039BF28 /* NetworkManager.swift */ = {isa = PBXFileReference; lastKnownFileType = sourcecode.swift; path = NetworkManager.swift; sourceTree = "<group>"; };
		A2924D20283027AB0039BF28 /* Movie.swift */ = {isa = PBXFileReference; lastKnownFileType = sourcecode.swift; path = Movie.swift; sourceTree = "<group>"; };
		A2924D2328302F130039BF28 /* String + extension.swift */ = {isa = PBXFileReference; lastKnownFileType = sourcecode.swift; path = "String + extension.swift"; sourceTree = "<group>"; };
		A2924D25283032650039BF28 /* TVShow.swift */ = {isa = PBXFileReference; lastKnownFileType = sourcecode.swift; path = TVShow.swift; sourceTree = "<group>"; };
		A2B3B7552831218C001029C2 /* TitleCollectionViewCell.swift */ = {isa = PBXFileReference; lastKnownFileType = sourcecode.swift; path = TitleCollectionViewCell.swift; sourceTree = "<group>"; };
/* End PBXFileReference section */

/* Begin PBXFrameworksBuildPhase section */
		A248FC25282E19B300802DFA /* Frameworks */ = {
			isa = PBXFrameworksBuildPhase;
			buildActionMask = 2147483647;
			files = (
				A2B3B7612831248F001029C2 /* SDWebImageMapKit in Frameworks */,
				A2B3B75F2831248F001029C2 /* SDWebImage in Frameworks */,
			);
			runOnlyForDeploymentPostprocessing = 0;
		};
/* End PBXFrameworksBuildPhase section */

/* Begin PBXGroup section */
		A248FC1F282E19B300802DFA = {
			isa = PBXGroup;
			children = (
				A248FC2A282E19B300802DFA /* MoviesApp */,
				A248FC29282E19B300802DFA /* Products */,
			);
			sourceTree = "<group>";
		};
		A248FC29282E19B300802DFA /* Products */ = {
			isa = PBXGroup;
			children = (
				A248FC28282E19B300802DFA /* MoviesApp.app */,
			);
			name = Products;
			sourceTree = "<group>";
		};
		A248FC2A282E19B300802DFA /* MoviesApp */ = {
			isa = PBXGroup;
			children = (
				A248FC40282E1CC800802DFA /* Core */,
				A2924D1D28300E450039BF28 /* Services */,
				A248FC41282E1CD100802DFA /* Resources */,
				A2924D2228302EF20039BF28 /* Supporting Files */,
				A248FC43282E1CF800802DFA /* Other */,
			);
			path = MoviesApp;
			sourceTree = "<group>";
		};
		A248FC3F282E1CBF00802DFA /* Delegates */ = {
			isa = PBXGroup;
			children = (
				A248FC2B282E19B300802DFA /* AppDelegate.swift */,
				A248FC2D282E19B300802DFA /* SceneDelegate.swift */,
			);
			path = Delegates;
			sourceTree = "<group>";
		};
		A248FC40282E1CC800802DFA /* Core */ = {
			isa = PBXGroup;
			children = (
				A248FC3F282E1CBF00802DFA /* Delegates */,
				A248FC2F282E19B300802DFA /* MainTabBarViewController.swift */,
				A248FC4E282E289C00802DFA /* Models */,
				A248FC4F282E28A200802DFA /* Views */,
				A248FC50282E28B300802DFA /* ViewModels */,
				A248FC44282E1D1300802DFA /* PropertyList */,
			);
			path = Core;
			sourceTree = "<group>";
		};
		A248FC41282E1CD100802DFA /* Resources */ = {
			isa = PBXGroup;
			children = (
				A248FC34282E19B600802DFA /* Assets.xcassets */,
			);
			path = Resources;
			sourceTree = "<group>";
		};
		A248FC42282E1CF200802DFA /* Storyboards */ = {
			isa = PBXGroup;
			children = (
				A248FC36282E19B600802DFA /* LaunchScreen.storyboard */,
			);
			path = Storyboards;
			sourceTree = "<group>";
		};
		A248FC43282E1CF800802DFA /* Other */ = {
			isa = PBXGroup;
			children = (
				A248FC42282E1CF200802DFA /* Storyboards */,
			);
			path = Other;
			sourceTree = "<group>";
		};
		A248FC44282E1D1300802DFA /* PropertyList */ = {
			isa = PBXGroup;
			children = (
				A248FC39282E19B600802DFA /* Info.plist */,
			);
			path = PropertyList;
			sourceTree = "<group>";
		};
		A248FC45282E1F1900802DFA /* Controllers */ = {
			isa = PBXGroup;
			children = (
				A248FC46282E1F3700802DFA /* HomeViewController.swift */,
				A248FC48282E1F6900802DFA /* UpcomingViewController.swift */,
				A248FC4A282E1F8500802DFA /* SearchViewController.swift */,
				A248FC4C282E1F9E00802DFA /* DownloadsViewController.swift */,
			);
			path = Controllers;
			sourceTree = "<group>";
		};
		A248FC4E282E289C00802DFA /* Models */ = {
			isa = PBXGroup;
			children = (
				A23B20B82831127A00B7CDEF /* Response.swift */,
				A2924D20283027AB0039BF28 /* Movie.swift */,
				A23B20B22830F23D00B7CDEF /* AnotherMovie.swift */,
				A2924D25283032650039BF28 /* TVShow.swift */,
			);
			path = Models;
			sourceTree = "<group>";
		};
		A248FC4F282E28A200802DFA /* Views */ = {
			isa = PBXGroup;
			children = (
				A248FC45282E1F1900802DFA /* Controllers */,
				A248FC51282E28E700802DFA /* CollectionViewTableViewCell.swift */,
				A2B3B7552831218C001029C2 /* TitleCollectionViewCell.swift */,
				A248FC53282E3ED700802DFA /* HeroHeaderView.swift */,
			);
			path = Views;
			sourceTree = "<group>";
		};
		A248FC50282E28B300802DFA /* ViewModels */ = {
			isa = PBXGroup;
			children = (
			);
			path = ViewModels;
			sourceTree = "<group>";
		};
		A2924D1D28300E450039BF28 /* Services */ = {
			isa = PBXGroup;
			children = (
				A2924D1E28300E550039BF28 /* NetworkManager.swift */,
			);
			path = Services;
			sourceTree = "<group>";
		};
		A2924D2228302EF20039BF28 /* Supporting Files */ = {
			isa = PBXGroup;
			children = (
				A2924D2328302F130039BF28 /* String + extension.swift */,
			);
			path = "Supporting Files";
			sourceTree = "<group>";
		};
/* End PBXGroup section */

/* Begin PBXNativeTarget section */
		A248FC27282E19B300802DFA /* MoviesApp */ = {
			isa = PBXNativeTarget;
			buildConfigurationList = A248FC3C282E19B600802DFA /* Build configuration list for PBXNativeTarget "MoviesApp" */;
			buildPhases = (
				A248FC24282E19B300802DFA /* Sources */,
				A248FC25282E19B300802DFA /* Frameworks */,
				A248FC26282E19B300802DFA /* Resources */,
			);
			buildRules = (
			);
			dependencies = (
			);
			name = MoviesApp;
			packageProductDependencies = (
				A2B3B75E2831248F001029C2 /* SDWebImage */,
				A2B3B7602831248F001029C2 /* SDWebImageMapKit */,
			);
			productName = MoviesApp;
			productReference = A248FC28282E19B300802DFA /* MoviesApp.app */;
			productType = "com.apple.product-type.application";
		};
/* End PBXNativeTarget section */

/* Begin PBXProject section */
		A248FC20282E19B300802DFA /* Project object */ = {
			isa = PBXProject;
			attributes = {
				BuildIndependentTargetsInParallel = 1;
				LastSwiftUpdateCheck = 1330;
				LastUpgradeCheck = 1330;
				TargetAttributes = {
					A248FC27282E19B300802DFA = {
						CreatedOnToolsVersion = 13.3.1;
					};
				};
			};
			buildConfigurationList = A248FC23282E19B300802DFA /* Build configuration list for PBXProject "MoviesApp" */;
			compatibilityVersion = "Xcode 13.0";
			developmentRegion = en;
			hasScannedForEncodings = 0;
			knownRegions = (
				en,
				Base,
			);
			mainGroup = A248FC1F282E19B300802DFA;
			packageReferences = (
				A2B3B75D2831248F001029C2 /* XCRemoteSwiftPackageReference "SDWebImage" */,
			);
			productRefGroup = A248FC29282E19B300802DFA /* Products */;
			projectDirPath = "";
			projectRoot = "";
			targets = (
				A248FC27282E19B300802DFA /* MoviesApp */,
			);
		};
/* End PBXProject section */

/* Begin PBXResourcesBuildPhase section */
		A248FC26282E19B300802DFA /* Resources */ = {
			isa = PBXResourcesBuildPhase;
			buildActionMask = 2147483647;
			files = (
				A248FC38282E19B600802DFA /* LaunchScreen.storyboard in Resources */,
				A248FC35282E19B600802DFA /* Assets.xcassets in Resources */,
			);
			runOnlyForDeploymentPostprocessing = 0;
		};
/* End PBXResourcesBuildPhase section */

/* Begin PBXSourcesBuildPhase section */
		A248FC24282E19B300802DFA /* Sources */ = {
			isa = PBXSourcesBuildPhase;
			buildActionMask = 2147483647;
			files = (
				A2924D26283032650039BF28 /* TVShow.swift in Sources */,
				A2B3B7562831218C001029C2 /* TitleCollectionViewCell.swift in Sources */,
				A248FC4B282E1F8500802DFA /* SearchViewController.swift in Sources */,
				A248FC30282E19B300802DFA /* MainTabBarViewController.swift in Sources */,
				A2924D2428302F130039BF28 /* String + extension.swift in Sources */,
				A23B20B92831127A00B7CDEF /* Response.swift in Sources */,
				A2924D1F28300E550039BF28 /* NetworkManager.swift in Sources */,
				A248FC52282E28E700802DFA /* CollectionViewTableViewCell.swift in Sources */,
				A248FC4D282E1F9E00802DFA /* DownloadsViewController.swift in Sources */,
				A248FC54282E3ED700802DFA /* HeroHeaderView.swift in Sources */,
				A23B20B32830F23D00B7CDEF /* AnotherMovie.swift in Sources */,
				A248FC2C282E19B300802DFA /* AppDelegate.swift in Sources */,
				A248FC2E282E19B300802DFA /* SceneDelegate.swift in Sources */,
				A248FC49282E1F6900802DFA /* UpcomingViewController.swift in Sources */,
				A2924D21283027AB0039BF28 /* Movie.swift in Sources */,
				A248FC47282E1F3700802DFA /* HomeViewController.swift in Sources */,
			);
			runOnlyForDeploymentPostprocessing = 0;
		};
/* End PBXSourcesBuildPhase section */

/* Begin PBXVariantGroup section */
		A248FC36282E19B600802DFA /* LaunchScreen.storyboard */ = {
			isa = PBXVariantGroup;
			children = (
				A248FC37282E19B600802DFA /* Base */,
			);
			name = LaunchScreen.storyboard;
			sourceTree = "<group>";
		};
/* End PBXVariantGroup section */

/* Begin XCBuildConfiguration section */
		A248FC3A282E19B600802DFA /* Debug */ = {
			isa = XCBuildConfiguration;
			buildSettings = {
				ALWAYS_SEARCH_USER_PATHS = NO;
				CLANG_ANALYZER_NONNULL = YES;
				CLANG_ANALYZER_NUMBER_OBJECT_CONVERSION = YES_AGGRESSIVE;
				CLANG_CXX_LANGUAGE_STANDARD = "gnu++17";
				CLANG_ENABLE_MODULES = YES;
				CLANG_ENABLE_OBJC_ARC = YES;
				CLANG_ENABLE_OBJC_WEAK = YES;
				CLANG_WARN_BLOCK_CAPTURE_AUTORELEASING = YES;
				CLANG_WARN_BOOL_CONVERSION = YES;
				CLANG_WARN_COMMA = YES;
				CLANG_WARN_CONSTANT_CONVERSION = YES;
				CLANG_WARN_DEPRECATED_OBJC_IMPLEMENTATIONS = YES;
				CLANG_WARN_DIRECT_OBJC_ISA_USAGE = YES_ERROR;
				CLANG_WARN_DOCUMENTATION_COMMENTS = YES;
				CLANG_WARN_EMPTY_BODY = YES;
				CLANG_WARN_ENUM_CONVERSION = YES;
				CLANG_WARN_INFINITE_RECURSION = YES;
				CLANG_WARN_INT_CONVERSION = YES;
				CLANG_WARN_NON_LITERAL_NULL_CONVERSION = YES;
				CLANG_WARN_OBJC_IMPLICIT_RETAIN_SELF = YES;
				CLANG_WARN_OBJC_LITERAL_CONVERSION = YES;
				CLANG_WARN_OBJC_ROOT_CLASS = YES_ERROR;
				CLANG_WARN_QUOTED_INCLUDE_IN_FRAMEWORK_HEADER = YES;
				CLANG_WARN_RANGE_LOOP_ANALYSIS = YES;
				CLANG_WARN_STRICT_PROTOTYPES = YES;
				CLANG_WARN_SUSPICIOUS_MOVE = YES;
				CLANG_WARN_UNGUARDED_AVAILABILITY = YES_AGGRESSIVE;
				CLANG_WARN_UNREACHABLE_CODE = YES;
				CLANG_WARN__DUPLICATE_METHOD_MATCH = YES;
				COPY_PHASE_STRIP = NO;
				DEBUG_INFORMATION_FORMAT = dwarf;
				ENABLE_STRICT_OBJC_MSGSEND = YES;
				ENABLE_TESTABILITY = YES;
				GCC_C_LANGUAGE_STANDARD = gnu11;
				GCC_DYNAMIC_NO_PIC = NO;
				GCC_NO_COMMON_BLOCKS = YES;
				GCC_OPTIMIZATION_LEVEL = 0;
				GCC_PREPROCESSOR_DEFINITIONS = (
					"DEBUG=1",
					"$(inherited)",
				);
				GCC_WARN_64_TO_32_BIT_CONVERSION = YES;
				GCC_WARN_ABOUT_RETURN_TYPE = YES_ERROR;
				GCC_WARN_UNDECLARED_SELECTOR = YES;
				GCC_WARN_UNINITIALIZED_AUTOS = YES_AGGRESSIVE;
				GCC_WARN_UNUSED_FUNCTION = YES;
				GCC_WARN_UNUSED_VARIABLE = YES;
				IPHONEOS_DEPLOYMENT_TARGET = 15.4;
				MTL_ENABLE_DEBUG_INFO = INCLUDE_SOURCE;
				MTL_FAST_MATH = YES;
				ONLY_ACTIVE_ARCH = YES;
				SDKROOT = iphoneos;
				SWIFT_ACTIVE_COMPILATION_CONDITIONS = DEBUG;
				SWIFT_OPTIMIZATION_LEVEL = "-Onone";
			};
			name = Debug;
		};
		A248FC3B282E19B600802DFA /* Release */ = {
			isa = XCBuildConfiguration;
			buildSettings = {
				ALWAYS_SEARCH_USER_PATHS = NO;
				CLANG_ANALYZER_NONNULL = YES;
				CLANG_ANALYZER_NUMBER_OBJECT_CONVERSION = YES_AGGRESSIVE;
				CLANG_CXX_LANGUAGE_STANDARD = "gnu++17";
				CLANG_ENABLE_MODULES = YES;
				CLANG_ENABLE_OBJC_ARC = YES;
				CLANG_ENABLE_OBJC_WEAK = YES;
				CLANG_WARN_BLOCK_CAPTURE_AUTORELEASING = YES;
				CLANG_WARN_BOOL_CONVERSION = YES;
				CLANG_WARN_COMMA = YES;
				CLANG_WARN_CONSTANT_CONVERSION = YES;
				CLANG_WARN_DEPRECATED_OBJC_IMPLEMENTATIONS = YES;
				CLANG_WARN_DIRECT_OBJC_ISA_USAGE = YES_ERROR;
				CLANG_WARN_DOCUMENTATION_COMMENTS = YES;
				CLANG_WARN_EMPTY_BODY = YES;
				CLANG_WARN_ENUM_CONVERSION = YES;
				CLANG_WARN_INFINITE_RECURSION = YES;
				CLANG_WARN_INT_CONVERSION = YES;
				CLANG_WARN_NON_LITERAL_NULL_CONVERSION = YES;
				CLANG_WARN_OBJC_IMPLICIT_RETAIN_SELF = YES;
				CLANG_WARN_OBJC_LITERAL_CONVERSION = YES;
				CLANG_WARN_OBJC_ROOT_CLASS = YES_ERROR;
				CLANG_WARN_QUOTED_INCLUDE_IN_FRAMEWORK_HEADER = YES;
				CLANG_WARN_RANGE_LOOP_ANALYSIS = YES;
				CLANG_WARN_STRICT_PROTOTYPES = YES;
				CLANG_WARN_SUSPICIOUS_MOVE = YES;
				CLANG_WARN_UNGUARDED_AVAILABILITY = YES_AGGRESSIVE;
				CLANG_WARN_UNREACHABLE_CODE = YES;
				CLANG_WARN__DUPLICATE_METHOD_MATCH = YES;
				COPY_PHASE_STRIP = NO;
				DEBUG_INFORMATION_FORMAT = "dwarf-with-dsym";
				ENABLE_NS_ASSERTIONS = NO;
				ENABLE_STRICT_OBJC_MSGSEND = YES;
				GCC_C_LANGUAGE_STANDARD = gnu11;
				GCC_NO_COMMON_BLOCKS = YES;
				GCC_WARN_64_TO_32_BIT_CONVERSION = YES;
				GCC_WARN_ABOUT_RETURN_TYPE = YES_ERROR;
				GCC_WARN_UNDECLARED_SELECTOR = YES;
				GCC_WARN_UNINITIALIZED_AUTOS = YES_AGGRESSIVE;
				GCC_WARN_UNUSED_FUNCTION = YES;
				GCC_WARN_UNUSED_VARIABLE = YES;
				IPHONEOS_DEPLOYMENT_TARGET = 15.4;
				MTL_ENABLE_DEBUG_INFO = NO;
				MTL_FAST_MATH = YES;
				SDKROOT = iphoneos;
				SWIFT_COMPILATION_MODE = wholemodule;
				SWIFT_OPTIMIZATION_LEVEL = "-O";
				VALIDATE_PRODUCT = YES;
			};
			name = Release;
		};
		A248FC3D282E19B600802DFA /* Debug */ = {
			isa = XCBuildConfiguration;
			buildSettings = {
				ASSETCATALOG_COMPILER_APPICON_NAME = AppIcon;
				ASSETCATALOG_COMPILER_GLOBAL_ACCENT_COLOR_NAME = AccentColor;
				CODE_SIGN_STYLE = Automatic;
				CURRENT_PROJECT_VERSION = 1;
				DEVELOPMENT_TEAM = U3JHK4U826;
				GENERATE_INFOPLIST_FILE = YES;
				INFOPLIST_FILE = MoviesApp/Core/PropertyList/Info.plist;
				INFOPLIST_KEY_UIApplicationSupportsIndirectInputEvents = YES;
				INFOPLIST_KEY_UILaunchStoryboardName = LaunchScreen;
				INFOPLIST_KEY_UISupportedInterfaceOrientations = UIInterfaceOrientationPortrait;
				INFOPLIST_KEY_UISupportedInterfaceOrientations_iPad = "UIInterfaceOrientationPortrait UIInterfaceOrientationPortraitUpsideDown UIInterfaceOrientationLandscapeLeft UIInterfaceOrientationLandscapeRight";
				INFOPLIST_KEY_UISupportedInterfaceOrientations_iPhone = "UIInterfaceOrientationPortrait UIInterfaceOrientationLandscapeLeft UIInterfaceOrientationLandscapeRight";
				LD_RUNPATH_SEARCH_PATHS = (
					"$(inherited)",
					"@executable_path/Frameworks",
				);
				MARKETING_VERSION = 1.0;
				PRODUCT_BUNDLE_IDENTIFIER = YeoCompany.MoviesApp;
				PRODUCT_NAME = "$(TARGET_NAME)";
				SWIFT_EMIT_LOC_STRINGS = YES;
				SWIFT_VERSION = 5.0;
				TARGETED_DEVICE_FAMILY = 1;
			};
			name = Debug;
		};
		A248FC3E282E19B600802DFA /* Release */ = {
			isa = XCBuildConfiguration;
			buildSettings = {
				ASSETCATALOG_COMPILER_APPICON_NAME = AppIcon;
				ASSETCATALOG_COMPILER_GLOBAL_ACCENT_COLOR_NAME = AccentColor;
				CODE_SIGN_STYLE = Automatic;
				CURRENT_PROJECT_VERSION = 1;
				DEVELOPMENT_TEAM = U3JHK4U826;
				GENERATE_INFOPLIST_FILE = YES;
				INFOPLIST_FILE = MoviesApp/Core/PropertyList/Info.plist;
				INFOPLIST_KEY_UIApplicationSupportsIndirectInputEvents = YES;
				INFOPLIST_KEY_UILaunchStoryboardName = LaunchScreen;
				INFOPLIST_KEY_UISupportedInterfaceOrientations = UIInterfaceOrientationPortrait;
				INFOPLIST_KEY_UISupportedInterfaceOrientations_iPad = "UIInterfaceOrientationPortrait UIInterfaceOrientationPortraitUpsideDown UIInterfaceOrientationLandscapeLeft UIInterfaceOrientationLandscapeRight";
				INFOPLIST_KEY_UISupportedInterfaceOrientations_iPhone = "UIInterfaceOrientationPortrait UIInterfaceOrientationLandscapeLeft UIInterfaceOrientationLandscapeRight";
				LD_RUNPATH_SEARCH_PATHS = (
					"$(inherited)",
					"@executable_path/Frameworks",
				);
				MARKETING_VERSION = 1.0;
				PRODUCT_BUNDLE_IDENTIFIER = YeoCompany.MoviesApp;
				PRODUCT_NAME = "$(TARGET_NAME)";
				SWIFT_EMIT_LOC_STRINGS = YES;
				SWIFT_VERSION = 5.0;
				TARGETED_DEVICE_FAMILY = 1;
			};
			name = Release;
		};
/* End XCBuildConfiguration section */

/* Begin XCConfigurationList section */
		A248FC23282E19B300802DFA /* Build configuration list for PBXProject "MoviesApp" */ = {
			isa = XCConfigurationList;
			buildConfigurations = (
				A248FC3A282E19B600802DFA /* Debug */,
				A248FC3B282E19B600802DFA /* Release */,
			);
			defaultConfigurationIsVisible = 0;
			defaultConfigurationName = Release;
		};
		A248FC3C282E19B600802DFA /* Build configuration list for PBXNativeTarget "MoviesApp" */ = {
			isa = XCConfigurationList;
			buildConfigurations = (
				A248FC3D282E19B600802DFA /* Debug */,
				A248FC3E282E19B600802DFA /* Release */,
			);
			defaultConfigurationIsVisible = 0;
			defaultConfigurationName = Release;
		};
/* End XCConfigurationList section */

/* Begin XCRemoteSwiftPackageReference section */
		A2B3B75D2831248F001029C2 /* XCRemoteSwiftPackageReference "SDWebImage" */ = {
			isa = XCRemoteSwiftPackageReference;
			repositoryURL = "https://github.com/SDWebImage/SDWebImage.git";
			requirement = {
				branch = master;
				kind = branch;
			};
		};
/* End XCRemoteSwiftPackageReference section */

/* Begin XCSwiftPackageProductDependency section */
		A2B3B75E2831248F001029C2 /* SDWebImage */ = {
			isa = XCSwiftPackageProductDependency;
			package = A2B3B75D2831248F001029C2 /* XCRemoteSwiftPackageReference "SDWebImage" */;
			productName = SDWebImage;
		};
		A2B3B7602831248F001029C2 /* SDWebImageMapKit */ = {
			isa = XCSwiftPackageProductDependency;
			package = A2B3B75D2831248F001029C2 /* XCRemoteSwiftPackageReference "SDWebImage" */;
			productName = SDWebImageMapKit;
		};
/* End XCSwiftPackageProductDependency section */
	};
	rootObject = A248FC20282E19B300802DFA /* Project object */;
}
